
Microsoft Visual Studio Solution File, Format Version 12.00
# Visual Studio 15
VisualStudioVersion = 15.0.27004.2006
MinimumVisualStudioVersion = 10.0.40219.1
Project("{FAE04EC0-301F-11D3-BF4B-00C04F79EFBC}") = "NHibernateDemo", "NHibernateDemo\NHibernateDemo.csproj", "{4F303748-0FDA-4ED5-8236-07CD7496BC2E}"
EndProject
Project("{FAE04EC0-301F-11D3-BF4B-00C04F79EFBC}") = "Data", "Data\Data.csproj", "{24964EFC-8579-497B-8CCA-F8018BF4AA64}"
EndProject
Project("{FAE04EC0-301F-11D3-BF4B-00C04F79EFBC}") = "Domain", "Domain\Domain.csproj", "{2E6A0262-8243-4C38-9B04-CF82F1532896}"
EndProject
Global
	GlobalSection(SolutionConfigurationPlatforms) = preSolution
		Debug|Any CPU = Debug|Any CPU
		Release|Any CPU = Release|Any CPU
	EndGlobalSection
	GlobalSection(ProjectConfigurationPlatforms) = postSolution
		{4F303748-0FDA-4ED5-8236-07CD7496BC2E}.Debug|Any CPU.ActiveCfg = Debug|Any CPU
		{4F303748-0FDA-4ED5-8236-07CD7496BC2E}.Debug|Any CPU.Build.0 = Debug|Any CPU
		{4F303748-0FDA-4ED5-8236-07CD7496BC2E}.Release|Any CPU.ActiveCfg = Release|Any CPU
		{4F303748-0FDA-4ED5-8236-07CD7496BC2E}.Release|Any CPU.Build.0 = Release|Any CPU
		{24964EFC-8579-497B-8CCA-F8018BF4AA64}.Debug|Any CPU.ActiveCfg = Debug|Any CPU
		{24964EFC-8579-497B-8CCA-F8018BF4AA64}.Debug|Any CPU.Build.0 = Debug|Any CPU
		{24964EFC-8579-497B-8CCA-F8018BF4AA64}.Release|Any CPU.ActiveCfg = Release|Any CPU
		{24964EFC-8579-497B-8CCA-F8018BF4AA64}.Release|Any CPU.Build.0 = Release|Any CPU
		{2E6A0262-8243-4C38-9B04-CF82F1532896}.Debug|Any CPU.ActiveCfg = Debug|Any CPU
		{2E6A0262-8243-4C38-9B04-CF82F1532896}.Debug|Any CPU.Build.0 = Debug|Any CPU
		{2E6A0262-8243-4C38-9B04-CF82F1532896}.Release|Any CPU.ActiveCfg = Release|Any CPU
		{2E6A0262-8243-4C38-9B04-CF82F1532896}.Release|Any CPU.Build.0 = Release|Any CPU
	EndGlobalSection
	GlobalSection(SolutionProperties) = preSolution
		HideSolutionNode = FALSE
	EndGlobalSection
	GlobalSection(ExtensibilityGlobals) = postSolution
		SolutionGuid = {6187BB88-0F14-4BF6-99B8-16B6058FCC40}
	EndGlobalSection
EndGlobal
